
Microsoft Visual Studio Solution File, Format Version 12.00
# Visual Studio Version 17
VisualStudioVersion = 17.7.34024.191
MinimumVisualStudioVersion = 10.0.40219.1
Project("{FAE04EC0-301F-11D3-BF4B-00C04F79EFBC}") = "Food_Inventory", "Food_Inventory\Food_Inventory.csproj", "{9FFBFCFC-65BE-48CC-9291-E5D652F4406C}"
EndProject
Global
	GlobalSection(SolutionConfigurationPlatforms) = preSolution
		Debug|Any CPU = Debug|Any CPU
		Release|Any CPU = Release|Any CPU
	EndGlobalSection
	GlobalSection(ProjectConfigurationPlatforms) = postSolution
		{9FFBFCFC-65BE-48CC-9291-E5D652F4406C}.Debug|Any CPU.ActiveCfg = Debug|Any CPU
		{9FFBFCFC-65BE-48CC-9291-E5D652F4406C}.Debug|Any CPU.Build.0 = Debug|Any CPU
		{9FFBFCFC-65BE-48CC-9291-E5D652F4406C}.Release|Any CPU.ActiveCfg = Release|Any CPU
		{9FFBFCFC-65BE-48CC-9291-E5D652F4406C}.Release|Any CPU.Build.0 = Release|Any CPU
	EndGlobalSection
	GlobalSection(SolutionProperties) = preSolution
		HideSolutionNode = FALSE
	EndGlobalSection
	GlobalSection(ExtensibilityGlobals) = postSolution
		SolutionGuid = {45F112FF-4601-4CBF-83D7-AA23B320E14C}
	EndGlobalSection
EndGlobal
